
Microsoft Visual Studio Solution File, Format Version 12.00
Project("{FAE04EC0-301F-11D3-BF4B-00C04F79EFBC}") = "ms_rss_reader_tutorial_cswin32", "ms_rss_reader_tutorial_cswin32\ms_rss_reader_tutorial_cswin32.csproj", "{9E24B6F2-6D6E-4388-B1FB-D61B6C4B6F8E}"
EndProject
Global
	GlobalSection(SolutionConfigurationPlatforms) = preSolution
		Debug|Any CPU = Debug|Any CPU
		Release|Any CPU = Release|Any CPU
	EndGlobalSection
	GlobalSection(ProjectConfigurationPlatforms) = postSolution
		{9E24B6F2-6D6E-4388-B1FB-D61B6C4B6F8E}.Debug|Any CPU.ActiveCfg = Debug|Any CPU
		{9E24B6F2-6D6E-4388-B1FB-D61B6C4B6F8E}.Debug|Any CPU.Build.0 = Debug|Any CPU
		{9E24B6F2-6D6E-4388-B1FB-D61B6C4B6F8E}.Release|Any CPU.ActiveCfg = Release|Any CPU
		{9E24B6F2-6D6E-4388-B1FB-D61B6C4B6F8E}.Release|Any CPU.Build.0 = Release|Any CPU
	EndGlobalSection
EndGlobal
